// !$*UTF8*$!
{
	archiveVersion = 1;
	classes = {
	};
	objectVersion = 46;
	objects = {

/* Begin PBXBuildFile section */
		582A98D51F6EE8A300F513BA /* AppDelegate.swift in Sources */ = {isa = PBXBuildFile; fileRef = 582A98D41F6EE8A300F513BA /* AppDelegate.swift */; };
		582A98D71F6EE8A300F513BA /* ViewController.swift in Sources */ = {isa = PBXBuildFile; fileRef = 582A98D61F6EE8A300F513BA /* ViewController.swift */; };
		582A98DA1F6EE8A300F513BA /* Main.storyboard in Resources */ = {isa = PBXBuildFile; fileRef = 582A98D81F6EE8A300F513BA /* Main.storyboard */; };
		582A98DC1F6EE8A300F513BA /* Assets.xcassets in Resources */ = {isa = PBXBuildFile; fileRef = 582A98DB1F6EE8A300F513BA /* Assets.xcassets */; };
		582A98DF1F6EE8A300F513BA /* LaunchScreen.storyboard in Resources */ = {isa = PBXBuildFile; fileRef = 582A98DD1F6EE8A300F513BA /* LaunchScreen.storyboard */; };
/* End PBXBuildFile section */

/* Begin PBXFileReference section */
		582A98D11F6EE8A300F513BA /* FastLive.app */ = {isa = PBXFileReference; explicitFileType = wrapper.application; includeInIndex = 0; path = FastLive.app; sourceTree = BUILT_PRODUCTS_DIR; };
		582A98D41F6EE8A300F513BA /* AppDelegate.swift */ = {isa = PBXFileReference; lastKnownFileType = sourcecode.swift; path = AppDelegate.swift; sourceTree = "<group>"; };
		582A98D61F6EE8A300F513BA /* ViewController.swift */ = {isa = PBXFileReference; lastKnownFileType = sourcecode.swift; path = ViewController.swift; sourceTree = "<group>"; };
		582A98D91F6EE8A300F513BA /* Base */ = {isa = PBXFileReference; lastKnownFileType = file.storyboard; name = Base; path = Base.lproj/Main.storyboard; sourceTree = "<group>"; };
		582A98DB1F6EE8A300F513BA /* Assets.xcassets */ = {isa = PBXFileReference; lastKnownFileType = folder.assetcatalog; path = Assets.xcassets; sourceTree = "<group>"; };
		582A98DE1F6EE8A300F513BA /* Base */ = {isa = PBXFileReference; lastKnownFileType = file.storyboard; name = Base; path = Base.lproj/LaunchScreen.storyboard; sourceTree = "<group>"; };
		582A98E01F6EE8A300F513BA /* Info.plist */ = {isa = PBXFileReference; lastKnownFileType = text.plist.xml; path = Info.plist; sourceTree = "<group>"; };
/* End PBXFileReference section */

/* Begin PBXFrameworksBuildPhase section */
		582A98CE1F6EE8A300F513BA /* Frameworks */ = {
			isa = PBXFrameworksBuildPhase;
			buildActionMask = 2147483647;
			files = (
			);
			runOnlyForDeploymentPostprocessing = 0;
		};
/* End PBXFrameworksBuildPhase section */

/* Begin PBXGroup section */
		582A98C81F6EE8A300F513BA = {
			isa = PBXGroup;
			children = (
				582A98D31F6EE8A300F513BA /* FastLive */,
				582A98D21F6EE8A300F513BA /* Products */,
			);
			sourceTree = "<group>";
		};
		582A98D21F6EE8A300F513BA /* Products */ = {
			isa = PBXGroup;
			children = (
				582A98D11F6EE8A300F513BA /* FastLive.app */,
			);
			name = Products;
			sourceTree = "<group>";
		};
		582A98D31F6EE8A300F513BA /* FastLive */ = {
			isa = PBXGroup;
			children = (
				582A98D41F6EE8A300F513BA /* AppDelegate.swift */,
				582A98D61F6EE8A300F513BA /* ViewController.swift */,
				582A98D81F6EE8A300F513BA /* Main.storyboard */,
				582A98DB1F6EE8A300F513BA /* Assets.xcassets */,
				582A98DD1F6EE8A300F513BA /* LaunchScreen.storyboard */,
				582A98E01F6EE8A300F513BA /* Info.plist */,
			);
			path = FastLive;
			sourceTree = "<group>";
		};
/* End PBXGroup section */

/* Begin PBXNativeTarget section */
		582A98D01F6EE8A300F513BA /* FastLive */ = {
			isa = PBXNativeTarget;
			buildConfigurationList = 582A98E31F6EE8A300F513BA /* Build configuration list for PBXNativeTarget "FastLive" */;
			buildPhases = (
				582A98CD1F6EE8A300F513BA /* Sources */,
				582A98CE1F6EE8A300F513BA /* Frameworks */,
				582A98CF1F6EE8A300F513BA /* Resources */,
			);
			buildRules = (
			);
			dependencies = (
			);
			name = FastLive;
			productName = FastLive;
			productReference = 582A98D11F6EE8A300F513BA /* FastLive.app */;
			productType = "com.apple.product-type.application";
		};
/* End PBXNativeTarget section */

/* Begin PBXProject section */
		582A98C91F6EE8A300F513BA /* Project object */ = {
			isa = PBXProject;
			attributes = {
				LastSwiftUpdateCheck = 0830;
				LastUpgradeCheck = 0830;
				ORGANIZATIONNAME = iphoneSolution;
				TargetAttributes = {
					582A98D01F6EE8A300F513BA = {
						CreatedOnToolsVersion = 8.3.3;
						ProvisioningStyle = Automatic;
					};
				};
			};
			buildConfigurationList = 582A98CC1F6EE8A300F513BA /* Build configuration list for PBXProject "FastLive" */;
			compatibilityVersion = "Xcode 3.2";
			developmentRegion = English;
			hasScannedForEncodings = 0;
			knownRegions = (
				en,
				Base,
			);
			mainGroup = 582A98C81F6EE8A300F513BA;
			productRefGroup = 582A98D21F6EE8A300F513BA /* Products */;
			projectDirPath = "";
			projectRoot = "";
			targets = (
				582A98D01F6EE8A300F513BA /* FastLive */,
			);
		};
/* End PBXProject section */

/* Begin PBXResourcesBuildPhase section */
		582A98CF1F6EE8A300F513BA /* Resources */ = {
			isa = PBXResourcesBuildPhase;
			buildActionMask = 2147483647;
			files = (
				582A98DF1F6EE8A300F513BA /* LaunchScreen.storyboard in Resources */,
				582A98DC1F6EE8A300F513BA /* Assets.xcassets in Resources */,
				582A98DA1F6EE8A300F513BA /* Main.storyboard in Resources */,
			);
			runOnlyForDeploymentPostprocessing = 0;
		};
/* End PBXResourcesBuildPhase section */

/* Begin PBXSourcesBuildPhase section */
		582A98CD1F6EE8A300F513BA /* Sources */ = {
			isa = PBXSourcesBuildPhase;
			buildActionMask = 2147483647;
			files = (
				582A98D71F6EE8A300F513BA /* ViewController.swift in Sources */,
				582A98D51F6EE8A300F513BA /* AppDelegate.swift in Sources */,
			);
			runOnlyForDeploymentPostprocessing = 0;
		};
/* End PBXSourcesBuildPhase section */

/* Begin PBXVariantGroup section */
		582A98D81F6EE8A300F513BA /* Main.storyboard */ = {
			isa = PBXVariantGroup;
			children = (
				582A98D91F6EE8A300F513BA /* Base */,
			);
			name = Main.storyboard;
			sourceTree = "<group>";
		};
		582A98DD1F6EE8A300F513BA /* LaunchScreen.storyboard */ = {
			isa = PBXVariantGroup;
			children = (
				582A98DE1F6EE8A300F513BA /* Base */,
			);
			name = LaunchScreen.storyboard;
			sourceTree = "<group>";
		};
/* End PBXVariantGroup section */

/* Begin XCBuildConfiguration section */
		582A98E11F6EE8A300F513BA /* Debug */ = {
			isa = XCBuildConfiguration;
			buildSettings = {
				ALWAYS_SEARCH_USER_PATHS = NO;
				CLANG_ANALYZER_NONNULL = YES;
				CLANG_ANALYZER_NUMBER_OBJECT_CONVERSION = YES_AGGRESSIVE;
				CLANG_CXX_LANGUAGE_STANDARD = "gnu++0x";
				CLANG_CXX_LIBRARY = "libc++";
				CLANG_ENABLE_MODULES = YES;
				CLANG_ENABLE_OBJC_ARC = YES;
				CLANG_WARN_BOOL_CONVERSION = YES;
				CLANG_WARN_CONSTANT_CONVERSION = YES;
				CLANG_WARN_DIRECT_OBJC_ISA_USAGE = YES_ERROR;
				CLANG_WARN_DOCUMENTATION_COMMENTS = YES;
				CLANG_WARN_EMPTY_BODY = YES;
				CLANG_WARN_ENUM_CONVERSION = YES;
				CLANG_WARN_INFINITE_RECURSION = YES;
				CLANG_WARN_INT_CONVERSION = YES;
				CLANG_WARN_OBJC_ROOT_CLASS = YES_ERROR;
				CLANG_WARN_SUSPICIOUS_MOVE = YES;
				CLANG_WARN_UNREACHABLE_CODE = YES;
				CLANG_WARN__DUPLICATE_METHOD_MATCH = YES;
				"CODE_SIGN_IDENTITY[sdk=iphoneos*]" = "iPhone Developer";
				COPY_PHASE_STRIP = NO;
				DEBUG_INFORMATION_FORMAT = dwarf;
				ENABLE_STRICT_OBJC_MSGSEND = YES;
				ENABLE_TESTABILITY = YES;
				GCC_C_LANGUAGE_STANDARD = gnu99;
				GCC_DYNAMIC_NO_PIC = NO;
				GCC_NO_COMMON_BLOCKS = YES;
				GCC_OPTIMIZATION_LEVEL = 0;
				GCC_PREPROCESSOR_DEFINITIONS = (
					"DEBUG=1",
					"$(inherited)",
				);
				GCC_WARN_64_TO_32_BIT_CONVERSION = YES;
				GCC_WARN_ABOUT_RETURN_TYPE = YES_ERROR;
				GCC_WARN_UNDECLARED_SELECTOR = YES;
				GCC_WARN_UNINITIALIZED_AUTOS = YES_AGGRESSIVE;
				GCC_WARN_UNUSED_FUNCTION = YES;
				GCC_WARN_UNUSED_VARIABLE = YES;
				IPHONEOS_DEPLOYMENT_TARGET = 10.3;
				MTL_ENABLE_DEBUG_INFO = YES;
				ONLY_ACTIVE_ARCH = YES;
				SDKROOT = iphoneos;
				SWIFT_ACTIVE_COMPILATION_CONDITIONS = DEBUG;
				SWIFT_OPTIMIZATION_LEVEL = "-Onone";
				TARGETED_DEVICE_FAMILY = "1,2";
			};
			name = Debug;
		};
		582A98E21F6EE8A300F513BA /* Release */ = {
			isa = XCBuildConfiguration;
			buildSettings = {
				ALWAYS_SEARCH_USER_PATHS = NO;
				CLANG_ANALYZER_NONNULL = YES;
				CLANG_ANALYZER_NUMBER_OBJECT_CONVERSION = YES_AGGRESSIVE;
				CLANG_CXX_LANGUAGE_STANDARD = "gnu++0x";
				CLANG_CXX_LIBRARY = "libc++";
				CLANG_ENABLE_MODULES = YES;
				CLANG_ENABLE_OBJC_ARC = YES;
				CLANG_WARN_BOOL_CONVERSION = YES;
				CLANG_WARN_CONSTANT_CONVERSION = YES;
				CLANG_WARN_DIRECT_OBJC_ISA_USAGE = YES_ERROR;
				CLANG_WARN_DOCUMENTATION_COMMENTS = YES;
				CLANG_WARN_EMPTY_BODY = YES;
				CLANG_WARN_ENUM_CONVERSION = YES;
				CLANG_WARN_INFINITE_RECURSION = YES;
				CLANG_WARN_INT_CONVERSION = YES;
				CLANG_WARN_OBJC_ROOT_CLASS = YES_ERROR;
				CLANG_WARN_SUSPICIOUS_MOVE = YES;
				CLANG_WARN_UNREACHABLE_CODE = YES;
				CLANG_WARN__DUPLICATE_METHOD_MATCH = YES;
				"CODE_SIGN_IDENTITY[sdk=iphoneos*]" = "iPhone Developer";
				COPY_PHASE_STRIP = NO;
				DEBUG_INFORMATION_FORMAT = "dwarf-with-dsym";
				ENABLE_NS_ASSERTIONS = NO;
				ENABLE_STRICT_OBJC_MSGSEND = YES;
				GCC_C_LANGUAGE_STANDARD = gnu99;
				GCC_NO_COMMON_BLOCKS = YES;
				GCC_WARN_64_TO_32_BIT_CONVERSION = YES;
				GCC_WARN_ABOUT_RETURN_TYPE = YES_ERROR;
				GCC_WARN_UNDECLARED_SELECTOR = YES;
				GCC_WARN_UNINITIALIZED_AUTOS = YES_AGGRESSIVE;
				GCC_WARN_UNUSED_FUNCTION = YES;
				GCC_WARN_UNUSED_VARIABLE = YES;
				IPHONEOS_DEPLOYMENT_TARGET = 10.3;
				MTL_ENABLE_DEBUG_INFO = NO;
				SDKROOT = iphoneos;
				SWIFT_OPTIMIZATION_LEVEL = "-Owholemodule";
				TARGETED_DEVICE_FAMILY = "1,2";
				VALIDATE_PRODUCT = YES;
			};
			name = Release;
		};
		582A98E41F6EE8A300F513BA /* Debug */ = {
			isa = XCBuildConfiguration;
			buildSettings = {
				ASSETCATALOG_COMPILER_APPICON_NAME = AppIcon;
				INFOPLIST_FILE = FastLive/Info.plist;
				LD_RUNPATH_SEARCH_PATHS = "$(inherited) @executable_path/Frameworks";
				PRODUCT_BUNDLE_IDENTIFIER = com.iphoneSolution.FastLive;
				PRODUCT_NAME = "$(TARGET_NAME)";
				SWIFT_VERSION = 3.0;
			};
			name = Debug;
		};
		582A98E51F6EE8A300F513BA /* Release */ = {
			isa = XCBuildConfiguration;
			buildSettings = {
				ASSETCATALOG_COMPILER_APPICON_NAME = AppIcon;
				INFOPLIST_FILE = FastLive/Info.plist;
				LD_RUNPATH_SEARCH_PATHS = "$(inherited) @executable_path/Frameworks";
				PRODUCT_BUNDLE_IDENTIFIER = com.iphoneSolution.FastLive;
				PRODUCT_NAME = "$(TARGET_NAME)";
				SWIFT_VERSION = 3.0;
			};
			name = Release;
		};
/* End XCBuildConfiguration section */

/* Begin XCConfigurationList section */
		582A98CC1F6EE8A300F513BA /* Build configuration list for PBXProject "FastLive" */ = {
			isa = XCConfigurationList;
			buildConfigurations = (
				582A98E11F6EE8A300F513BA /* Debug */,
				582A98E21F6EE8A300F513BA /* Release */,
			);
			defaultConfigurationIsVisible = 0;
			defaultConfigurationName = Release;
		};
		582A98E31F6EE8A300F513BA /* Build configuration list for PBXNativeTarget "FastLive" */ = {
			isa = XCConfigurationList;
			buildConfigurations = (
				582A98E41F6EE8A300F513BA /* Debug */,
				582A98E51F6EE8A300F513BA /* Release */,
			);
			defaultConfigurationIsVisible = 0;
		};
/* End XCConfigurationList section */
	};
	rootObject = 582A98C91F6EE8A300F513BA /* Project object */;
}
